
Microsoft Visual Studio Solution File, Format Version 12.00
# Visual Studio Version 17
VisualStudioVersion = 17.7.34202.233
MinimumVisualStudioVersion = 10.0.40219.1
Project("{FAE04EC0-301F-11D3-BF4B-00C04F79EFBC}") = "WPFSocketServer", "WPFSocketServer\WPFSocketServer.csproj", "{47258FF9-0700-4F8D-8B50-03787A49FE90}"
EndProject
Project("{FAE04EC0-301F-11D3-BF4B-00C04F79EFBC}") = "WPFSocketClient", "WPFSocketClient\WPFSocketClient.csproj", "{2D4767C2-0B92-462E-955D-39A3847379D5}"
EndProject
Global
	GlobalSection(SolutionConfigurationPlatforms) = preSolution
		Debug|Any CPU = Debug|Any CPU
		Release|Any CPU = Release|Any CPU
	EndGlobalSection
	GlobalSection(ProjectConfigurationPlatforms) = postSolution
		{47258FF9-0700-4F8D-8B50-03787A49FE90}.Debug|Any CPU.ActiveCfg = Debug|Any CPU
		{47258FF9-0700-4F8D-8B50-03787A49FE90}.Debug|Any CPU.Build.0 = Debug|Any CPU
		{47258FF9-0700-4F8D-8B50-03787A49FE90}.Release|Any CPU.ActiveCfg = Release|Any CPU
		{47258FF9-0700-4F8D-8B50-03787A49FE90}.Release|Any CPU.Build.0 = Release|Any CPU
		{2D4767C2-0B92-462E-955D-39A3847379D5}.Debug|Any CPU.ActiveCfg = Debug|Any CPU
		{2D4767C2-0B92-462E-955D-39A3847379D5}.Debug|Any CPU.Build.0 = Debug|Any CPU
		{2D4767C2-0B92-462E-955D-39A3847379D5}.Release|Any CPU.ActiveCfg = Release|Any CPU
		{2D4767C2-0B92-462E-955D-39A3847379D5}.Release|Any CPU.Build.0 = Release|Any CPU
	EndGlobalSection
	GlobalSection(SolutionProperties) = preSolution
		HideSolutionNode = FALSE
	EndGlobalSection
	GlobalSection(ExtensibilityGlobals) = postSolution
		SolutionGuid = {BBD7AFFD-0651-4115-9A96-7EFC8C2B87D2}
	EndGlobalSection
EndGlobal
